# This file was autogenerated by uv via the following command:
#    uv pip compile gpu-rtx2080ti-overlay.in --python provenance/dvg-obs-ceo/.venv-gpu/bin/python --generate-hashes --output-file gpu-rtx2080ti-overlay.lock
cupy-cuda12x==13.6.0 \
    --hash=sha256:297b4268f839de67ef7865c2202d3f5a0fb8d20bd43360bc51b6e60cb4406447 \
    --hash=sha256:4d2dfd9bb4705d446f542739a3616b4c9eea98d674fce247402cc9bcec89a1e4 \
    --hash=sha256:52d9e7f83d920da7d81ec2e791c2c2c747fdaa1d7b811971b34865ce6371e98a \
    --hash=sha256:6ccd2fc75b0e0e24493531b8f8d8f978efecddb45f8479a48890c40d3805eb87 \
    --hash=sha256:771f3135861b68199c18b49345210180d4fcdce4681b51c28224db389c4aac5d \
    --hash=sha256:77ba6745a130d880c962e687e4e146ebbb9014f290b0a80dbc4e4634eb5c3b48 \
    --hash=sha256:79b0cacb5e8b190ef409f9e03f06ac8de1b021b0c0dda47674d446f5557e0eb1 \
    --hash=sha256:9e37f60f27ff9625dfdccc4688a09852707ec613e32ea9404f425dd22a386d14 \
    --hash=sha256:a20b7acdc583643a623c8d8e3efbe0db616fbcf5916e9c99eedf73859b6133af \
    --hash=sha256:a6970ceefe40f9acbede41d7fe17416bd277b1bd2093adcde457b23b578c5a59 \
    --hash=sha256:c790d012fd4d86872b9c89af9f5f15d91c30b8e3a4aa4dd04c2610f45f06ac44 \
    --hash=sha256:ca06fede7b8b83ca9ad80062544ef2e5bb8d4762d1c4fc3ac8349376de9c8a5e \
    --hash=sha256:e5426ae3b1b9cf59927481e457a89e3f0b50a35b114a8034ec9110e7a833434c \
    --hash=sha256:e78409ea72f5ac7d6b6f3d33d99426a94005254fa57e10617f430f9fd7c3a0a1 \
    --hash=sha256:f33c9c975782ef7a42c79b6b4fb3d5b043498f9b947126d792592372b432d393
    # via -r gpu-rtx2080ti-overlay.in
fastrlock==0.8.3 \
    --hash=sha256:001fd86bcac78c79658bac496e8a17472d64d558cd2227fdc768aa77f877fe40 \
    --hash=sha256:04bb5eef8f460d13b8c0084ea5a9d3aab2c0573991c880c0a34a56bb14951d30 \
    --hash=sha256:05029d7080c0c61a81d5fee78e842c9a1bf22552cd56129451a252655290dcef \
    --hash=sha256:0a9dc6fa73174f974dfb22778d05a44445b611a41d5d3776b0d5daa9e50225c6 \
    --hash=sha256:0d6a77b3f396f7d41094ef09606f65ae57feeb713f4285e8e417f4021617ca62 \
    --hash=sha256:0ea4e53a04980d646def0f5e4b5e8bd8c7884288464acab0b37ca0c65c482bfe \
    --hash=sha256:15e13a8b01a3bbf25f1615a6ac1d6ed40ad3bcb8db134ee5ffa7360214a8bc5c \
    --hash=sha256:1dd7f1520f7424793c812e1a4090570f8ff312725dbaf10a925b688aef7425f1 \
    --hash=sha256:1fced4cb0b3f1616be68092b70a56e9173713a4a943d02e90eb9c7897a7b5e07 \
    --hash=sha256:239e85cbebda16f14be92468ce648d0bc25e2442a3d11818deca59a7c43a4416 \
    --hash=sha256:24522689f4b5311afad0c8f998daec84a3dbe3a70cf821a615a763f843903030 \
    --hash=sha256:2a83d558470c520ed21462d304e77a12639859b205759221c8144dd2896b958a \
    --hash=sha256:314e787532ce555a7362d3c438f0a680cd88a82c69b655e7181a4dd5e67712f5 \
    --hash=sha256:33e6fa4af4f3af3e9c747ec72d1eadc0b7ba2035456c2afb51c24d9e8a56f8fd \
    --hash=sha256:350f517a7d22d383f8ef76652b0609dc79de6693880a99bafc8a05c100e8c5e7 \
    --hash=sha256:38340f6635bd4ee2a4fb02a3a725759fe921f2ca846cb9ca44531ba739cc17b4 \
    --hash=sha256:387b2ac642938a20170a50f528817026c561882ea33306c5cbe750ae10d0a7c2 \
    --hash=sha256:3df8514086e16bb7c66169156a8066dc152f3be892c7817e85bf09a27fa2ada2 \
    --hash=sha256:3e77a3d0ca5b29695d86b7d03ea88029c0ed8905cfee658eb36052df3861855a \
    --hash=sha256:40b328369005a0b32de14b699192aed32f549c2d2b27a5e1f614fb7ac4cec4e9 \
    --hash=sha256:45055702fe9bff719cdc62caa849aa7dbe9e3968306025f639ec62ef03c65e88 \
    --hash=sha256:494fc374afd0b6c7281c87f2ded9607c2731fc0057ec63bd3ba4451e7b7cb642 \
    --hash=sha256:4a98ba46b3e14927550c4baa36b752d0d2f7387b8534864a8767f83cce75c160 \
    --hash=sha256:4af6734d92eaa3ab4373e6c9a1dd0d5ad1304e172b1521733c6c3b3d73c8fa5d \
    --hash=sha256:5264088185ca8e6bc83181dff521eee94d078c269c7d557cc8d9ed5952b7be45 \
    --hash=sha256:558b538221e9c5502bb8725a1f51157ec38467a20498212838e385807e4d1b89 \
    --hash=sha256:55d42f6286b9d867370af4c27bc70d04ce2d342fe450c4a4fcce14440514e695 \
    --hash=sha256:5a0d31840a28d66573047d2df410eb971135a2461fb952894bf51c9533cbfea5 \
    --hash=sha256:5e5f1665d8e70f4c5b4a67f2db202f354abc80a321ce5a26ac1493f055e3ae2c \
    --hash=sha256:5eef1d32d7614e0ceb6db198cf53df2a5830685cccbcf141a3e116faca967384 \
    --hash=sha256:5f13ec08f1adb1aa916c384b05ecb7dbebb8df9ea81abd045f60941c6283a670 \
    --hash=sha256:668fad1c8322badbc8543673892f80ee563f3da9113e60e256ae9ddd5b23daa4 \
    --hash=sha256:6cbfb6f7731b5a280851c93883624424068fa5b22c2f546d8ae6f1fd9311e36d \
    --hash=sha256:767ec79b7f6ed9b9a00eb9ff62f2a51f56fdb221c5092ab2dadec34a9ccbfc6e \
    --hash=sha256:77ab8a98417a1f467dafcd2226718f7ca0cf18d4b64732f838b8c2b3e4b55cb5 \
    --hash=sha256:7a77ebb0a24535ef4f167da2c5ee35d9be1e96ae192137e9dc3ff75b8dfc08a5 \
    --hash=sha256:80876d9e04e8e35abbdb3e1a81a56558f4d5cf90c8592e428d4d12efce048347 \
    --hash=sha256:85a49a1f1e020097d087e1963e42cea6f307897d5ebe2cb6daf4af47ffdd3eed \
    --hash=sha256:8c9d459ce344c21ff03268212a1845aa37feab634d242131bc16c2a2355d5f65 \
    --hash=sha256:8cb2cf04352ea8575d496f31b3b88c42c7976e8e58cdd7d1550dfba80ca039da \
    --hash=sha256:8d1d6a28291b4ace2a66bd7b49a9ed9c762467617febdd9ab356b867ed901af8 \
    --hash=sha256:924abbf21eba69c1b35c04278f3ca081e8de1ef5933355756e86e05499123238 \
    --hash=sha256:92577ff82ef4a94c5667d6d2841f017820932bc59f31ffd83e4a2c56c1738f90 \
    --hash=sha256:963123bafc41c9fba72e57145917a3f23086b5d631b6cda9cf858c428a606ff9 \
    --hash=sha256:9842b7722e4923fe76b08d8c58a9415a9a50d4c29b80673cffeae4874ea6626a \
    --hash=sha256:9c2c24856d2adc60ab398780f7b7cd8a091e4bd0c0e3bb3e67f12bef2800f377 \
    --hash=sha256:9c4068f21fddc47393a3526ce95b180a2f4e1ac286db8d9e59e56771da50c815 \
    --hash=sha256:a0eadc772353cfa464b34c814b2a97c4f3c0ba0ed7b8e1c2e0ad3ebba84bf8e0 \
    --hash=sha256:a8fd6727c1e0952ba93fdc5975753781039772be6c1a3911a3afc87b53460dc0 \
    --hash=sha256:ac4fcc9b43160f7f64b49bd7ecfd129faf0793c1c8c6f0f56788c3bacae7f54a \
    --hash=sha256:accd897ab2799024bb87b489c0f087d6000b89af1f184a66e996d3d96a025a3b \
    --hash=sha256:b6ac082d670e195ad53ec8d0c5d2e87648f8838b0d48f7d44a6e696b8a9528e2 \
    --hash=sha256:bbbe31cb60ec32672969651bf68333680dacaebe1a1ec7952b8f5e6e23a70aa5 \
    --hash=sha256:bbc3bf96dcbd68392366c477f78c9d5c47e5d9290cb115feea19f20a43ef6d05 \
    --hash=sha256:c6e5bfecbc0d72ff07e43fed81671747914d6794e0926700677ed26d894d4f4f \
    --hash=sha256:cc5fa9166e05409f64a804d5b6d01af670979cdb12cd2594f555cb33cdc155bd \
    --hash=sha256:cdee8c02c20a0b17dbc52f54c48ede3bd421985e5d9cef5cd2136b14da967996 \
    --hash=sha256:d3ebb29de71bf9e330c2769c34a6b5e69d560126f02994e6c09635a2784f6de3 \
    --hash=sha256:d51f7fb0db8dab341b7f03a39a3031678cf4a98b18533b176c533c122bfce47d \
    --hash=sha256:d7edaf0071a6a98340fc2ec45b0ba37b7a16ed7761479aab577e41e09b3565e1 \
    --hash=sha256:d7f359bb989c01a5875e8dbde9acab37b9da0943b60ef97ba9887c4598eb3009 \
    --hash=sha256:da06d43e1625e2ffddd303edcd6d2cd068e1c486f5fd0102b3f079c44eb13e2c \
    --hash=sha256:da53350b90a67d5431df726816b041f1f96fd558ad6e2fc64948e13be3c7c29a \
    --hash=sha256:dbdea6deeccea1917c6017d353987231c4e46c93d5338ca3e66d6cd88fbce259 \
    --hash=sha256:de8c90c1a23fbe929d8a9628a6c1f0f1d8af6019e786354a682a26fa22ea21be \
    --hash=sha256:e0ceefadde046a5f6a261bfeaf25de9e0eba3ee790a9795b1fa9634111d3220e \
    --hash=sha256:f2b84b2fe858e64946e54e0e918b8a0e77fc7b09ca960ae1e50a130e8fbc9af8 \
    --hash=sha256:f68c551cf8a34b6460a3a0eba44bd7897ebfc820854e19970c52a76bf064a59f \
    --hash=sha256:fcb50e195ec981c92d0211a201704aecbd9e4f9451aea3a6f71ac5b1ec2c98cf
    # via
    #   -r gpu-rtx2080ti-overlay.in
    #   cupy-cuda12x
numpy==1.23.5 \
    --hash=sha256:01dd17cbb340bf0fc23981e52e1d18a9d4050792e8fb8363cecbf066a84b827d \
    --hash=sha256:06005a2ef6014e9956c09ba07654f9837d9e26696a0470e42beedadb78c11b07 \
    --hash=sha256:09b7847f7e83ca37c6e627682f145856de331049013853f344f37b0c9690e3df \
    --hash=sha256:0aaee12d8883552fadfc41e96b4c82ee7d794949e2a7c3b3a7201e968c7ecab9 \
    --hash=sha256:0cbe9848fad08baf71de1a39e12d1b6310f1d5b2d0ea4de051058e6e1076852d \
    --hash=sha256:1b1766d6f397c18153d40015ddfc79ddb715cabadc04d2d228d4e5a8bc4ded1a \
    --hash=sha256:33161613d2269025873025b33e879825ec7b1d831317e68f4f2f0f84ed14c719 \
    --hash=sha256:5039f55555e1eab31124a5768898c9e22c25a65c1e0037f4d7c495a45778c9f2 \
    --hash=sha256:522e26bbf6377e4d76403826ed689c295b0b238f46c28a7251ab94716da0b280 \
    --hash=sha256:56e454c7833e94ec9769fa0f86e6ff8e42ee38ce0ce1fa4cbb747ea7e06d56aa \
    --hash=sha256:58f545efd1108e647604a1b5aa809591ccd2540f468a880bedb97247e72db387 \
    --hash=sha256:5e05b1c973a9f858c74367553e236f287e749465f773328c8ef31abe18f691e1 \
    --hash=sha256:7903ba8ab592b82014713c491f6c5d3a1cde5b4a3bf116404e08f5b52f6daf43 \
    --hash=sha256:8969bfd28e85c81f3f94eb4a66bc2cf1dbdc5c18efc320af34bffc54d6b1e38f \
    --hash=sha256:92c8c1e89a1f5028a4c6d9e3ccbe311b6ba53694811269b992c0b224269e2398 \
    --hash=sha256:9c88793f78fca17da0145455f0d7826bcb9f37da4764af27ac945488116efe63 \
    --hash=sha256:a7ac231a08bb37f852849bbb387a20a57574a97cfc7b6cabb488a4fc8be176de \
    --hash=sha256:abdde9f795cf292fb9651ed48185503a2ff29be87770c3b8e2a14b0cd7aa16f8 \
    --hash=sha256:af1da88f6bc3d2338ebbf0e22fe487821ea4d8e89053e25fa59d1d79786e7481 \
    --hash=sha256:b2a9ab7c279c91974f756c84c365a669a887efa287365a8e2c418f8b3ba73fb0 \
    --hash=sha256:bf837dc63ba5c06dc8797c398db1e223a466c7ece27a1f7b5232ba3466aafe3d \
    --hash=sha256:ca51fcfcc5f9354c45f400059e88bc09215fb71a48d3768fb80e357f3b457e1e \
    --hash=sha256:ce571367b6dfe60af04e04a1834ca2dc5f46004ac1cc756fb95319f64c095a96 \
    --hash=sha256:d208a0f8729f3fb790ed18a003f3a57895b989b40ea4dce4717e9cf4af62c6bb \
    --hash=sha256:dbee87b469018961d1ad79b1a5d50c0ae850000b639bcb1b694e9981083243b6 \
    --hash=sha256:e9f4c4e51567b616be64e05d517c79a8a22f3606499941d97bb76f2ca59f982d \
    --hash=sha256:f063b69b090c9d918f9df0a12116029e274daf0181df392839661c4c7ec9018a \
    --hash=sha256:f9a909a8bae284d46bbfdefbdd4a262ba19d3bc9921b1e76126b1d21c3c34135
    # via
    #   -r gpu-rtx2080ti-overlay.in
    #   cupy-cuda12x
